
Microsoft Visual Studio Solution File, Format Version 12.00
# Visual Studio Version 16
VisualStudioVersion = 16.0.30503.244
MinimumVisualStudioVersion = 10.0.40219.1
Project("{FAE04EC0-301F-11D3-BF4B-00C04F79EFBC}") = "MyFistAbpConsole", "MyFistAbpConsole\MyFistAbpConsole.csproj", "{DB6F8FF5-ED81-4057-A70C-BF45290EAC85}"
EndProject
Global
	GlobalSection(SolutionConfigurationPlatforms) = preSolution
		Debug|Any CPU = Debug|Any CPU
		Release|Any CPU = Release|Any CPU
	EndGlobalSection
	GlobalSection(ProjectConfigurationPlatforms) = postSolution
		{DB6F8FF5-ED81-4057-A70C-BF45290EAC85}.Debug|Any CPU.ActiveCfg = Debug|Any CPU
		{DB6F8FF5-ED81-4057-A70C-BF45290EAC85}.Debug|Any CPU.Build.0 = Debug|Any CPU
		{DB6F8FF5-ED81-4057-A70C-BF45290EAC85}.Release|Any CPU.ActiveCfg = Release|Any CPU
		{DB6F8FF5-ED81-4057-A70C-BF45290EAC85}.Release|Any CPU.Build.0 = Release|Any CPU
	EndGlobalSection
	GlobalSection(SolutionProperties) = preSolution
		HideSolutionNode = FALSE
	EndGlobalSection
	GlobalSection(ExtensibilityGlobals) = postSolution
		SolutionGuid = {DCF822A1-24AD-45EC-A383-C09DF7FC899F}
	EndGlobalSection
EndGlobal
